
Microsoft Visual Studio Solution File, Format Version 12.00
# Visual Studio 15
VisualStudioVersion = 15.0.26730.16
MinimumVisualStudioVersion = 10.0.40219.1
Project("{FAE04EC0-301F-11D3-BF4B-00C04F79EFBC}") = "Equipment", "Equipment\Equipment.csproj", "{CFE009C3-BAFC-406E-A6D4-4C5B76D8B299}"
EndProject
Project("{FAE04EC0-301F-11D3-BF4B-00C04F79EFBC}") = "EasyJoin", "EasyJoin\EasyJoin.csproj", "{B4644B20-213B-4A38-9925-A8186ECBD33E}"
EndProject
Project("{FAE04EC0-301F-11D3-BF4B-00C04F79EFBC}") = "WpfApp", "WpfApp\WpfApp.csproj", "{C733228E-3BF8-485B-BBC1-FFE59BC55EBA}"
EndProject
Project("{FAE04EC0-301F-11D3-BF4B-00C04F79EFBC}") = "ServiceControl", "ServiceControl\ServiceControl.csproj", "{9F12D5A8-7AC7-49FE-982A-649726F9B05C}"
	ProjectSection(ProjectDependencies) = postProject
		{B4644B20-213B-4A38-9925-A8186ECBD33E} = {B4644B20-213B-4A38-9925-A8186ECBD33E}
	EndProjectSection
EndProject
Project("{FAE04EC0-301F-11D3-BF4B-00C04F79EFBC}") = "DBO", "DBO\DBO.csproj", "{8091984F-08E7-433C-A7C1-4F9AD0B70D70}"
EndProject
Project("{FAE04EC0-301F-11D3-BF4B-00C04F79EFBC}") = "Business", "Business\Business.csproj", "{ED96E12A-583A-4F4A-B126-018359080D3A}"
EndProject
Project("{FAE04EC0-301F-11D3-BF4B-00C04F79EFBC}") = "Common", "Common\Common.csproj", "{47C7273C-A2CB-4DCC-8BF0-E337432627E6}"
EndProject
Project("{FAE04EC0-301F-11D3-BF4B-00C04F79EFBC}") = "ParkingDemo", "ParkingDemo\ParkingDemo.csproj", "{35E98D0A-12A9-4ECC-9987-87CDAEA3ADD0}"
EndProject
Project("{FAE04EC0-301F-11D3-BF4B-00C04F79EFBC}") = "ParkingLockServer", "ParkingLockServer\ParkingLockServer.csproj", "{E2F8AD8A-086A-4241-87C8-9F03B041A9DA}"
EndProject
Global
	GlobalSection(SolutionConfigurationPlatforms) = preSolution
		Debug|Android = Debug|Android
		Debug|Any CPU = Debug|Any CPU
		Debug|iOS = Debug|iOS
		Debug|Windows Phone (Universal) = Debug|Windows Phone (Universal)
		Debug|Windows Phone 8 = Debug|Windows Phone 8
		Debug|Windows-AnyCPU = Debug|Windows-AnyCPU
		Debug|Windows-ARM = Debug|Windows-ARM
		Debug|Windows-x64 = Debug|Windows-x64
		Debug|Windows-x86 = Debug|Windows-x86
		Release|Android = Release|Android
		Release|Any CPU = Release|Any CPU
		Release|iOS = Release|iOS
		Release|Windows Phone (Universal) = Release|Windows Phone (Universal)
		Release|Windows Phone 8 = Release|Windows Phone 8
		Release|Windows-AnyCPU = Release|Windows-AnyCPU
		Release|Windows-ARM = Release|Windows-ARM
		Release|Windows-x64 = Release|Windows-x64
		Release|Windows-x86 = Release|Windows-x86
	EndGlobalSection
	GlobalSection(ProjectConfigurationPlatforms) = postSolution
		{CFE009C3-BAFC-406E-A6D4-4C5B76D8B299}.Debug|Android.ActiveCfg = Debug|Any CPU
		{CFE009C3-BAFC-406E-A6D4-4C5B76D8B299}.Debug|Android.Build.0 = Debug|Any CPU
		{CFE009C3-BAFC-406E-A6D4-4C5B76D8B299}.Debug|Any CPU.ActiveCfg = Debug|Any CPU
		{CFE009C3-BAFC-406E-A6D4-4C5B76D8B299}.Debug|Any CPU.Build.0 = Debug|Any CPU
		{CFE009C3-BAFC-406E-A6D4-4C5B76D8B299}.Debug|iOS.ActiveCfg = Debug|Any CPU
		{CFE009C3-BAFC-406E-A6D4-4C5B76D8B299}.Debug|iOS.Build.0 = Debug|Any CPU
		{CFE009C3-BAFC-406E-A6D4-4C5B76D8B299}.Debug|Windows Phone (Universal).ActiveCfg = Debug|Any CPU
		{CFE009C3-BAFC-406E-A6D4-4C5B76D8B299}.Debug|Windows Phone (Universal).Build.0 = Debug|Any CPU
		{CFE009C3-BAFC-406E-A6D4-4C5B76D8B299}.Debug|Windows Phone 8.ActiveCfg = Debug|Any CPU
		{CFE009C3-BAFC-406E-A6D4-4C5B76D8B299}.Debug|Windows Phone 8.Build.0 = Debug|Any CPU
		{CFE009C3-BAFC-406E-A6D4-4C5B76D8B299}.Debug|Windows-AnyCPU.ActiveCfg = Debug|Any CPU
		{CFE009C3-BAFC-406E-A6D4-4C5B76D8B299}.Debug|Windows-AnyCPU.Build.0 = Debug|Any CPU
		{CFE009C3-BAFC-406E-A6D4-4C5B76D8B299}.Debug|Windows-ARM.ActiveCfg = Debug|Any CPU
		{CFE009C3-BAFC-406E-A6D4-4C5B76D8B299}.Debug|Windows-ARM.Build.0 = Debug|Any CPU
		{CFE009C3-BAFC-406E-A6D4-4C5B76D8B299}.Debug|Windows-x64.ActiveCfg = Debug|Any CPU
		{CFE009C3-BAFC-406E-A6D4-4C5B76D8B299}.Debug|Windows-x64.Build.0 = Debug|Any CPU
		{CFE009C3-BAFC-406E-A6D4-4C5B76D8B299}.Debug|Windows-x86.ActiveCfg = Debug|Any CPU
		{CFE009C3-BAFC-406E-A6D4-4C5B76D8B299}.Debug|Windows-x86.Build.0 = Debug|Any CPU
		{CFE009C3-BAFC-406E-A6D4-4C5B76D8B299}.Release|Android.ActiveCfg = Release|Any CPU
		{CFE009C3-BAFC-406E-A6D4-4C5B76D8B299}.Release|Android.Build.0 = Release|Any CPU
		{CFE009C3-BAFC-406E-A6D4-4C5B76D8B299}.Release|Any CPU.ActiveCfg = Release|Any CPU
		{CFE009C3-BAFC-406E-A6D4-4C5B76D8B299}.Release|Any CPU.Build.0 = Release|Any CPU
		{CFE009C3-BAFC-406E-A6D4-4C5B76D8B299}.Release|iOS.ActiveCfg = Release|Any CPU
		{CFE009C3-BAFC-406E-A6D4-4C5B76D8B299}.Release|iOS.Build.0 = Release|Any CPU
		{CFE009C3-BAFC-406E-A6D4-4C5B76D8B299}.Release|Windows Phone (Universal).ActiveCfg = Release|Any CPU
		{CFE009C3-BAFC-406E-A6D4-4C5B76D8B299}.Release|Windows Phone (Universal).Build.0 = Release|Any CPU
		{CFE009C3-BAFC-406E-A6D4-4C5B76D8B299}.Release|Windows Phone 8.ActiveCfg = Release|Any CPU
		{CFE009C3-BAFC-406E-A6D4-4C5B76D8B299}.Release|Windows Phone 8.Build.0 = Release|Any CPU
		{CFE009C3-BAFC-406E-A6D4-4C5B76D8B299}.Release|Windows-AnyCPU.ActiveCfg = Release|Any CPU
		{CFE009C3-BAFC-406E-A6D4-4C5B76D8B299}.Release|Windows-AnyCPU.Build.0 = Release|Any CPU
		{CFE009C3-BAFC-406E-A6D4-4C5B76D8B299}.Release|Windows-ARM.ActiveCfg = Release|Any CPU
		{CFE009C3-BAFC-406E-A6D4-4C5B76D8B299}.Release|Windows-ARM.Build.0 = Release|Any CPU
		{CFE009C3-BAFC-406E-A6D4-4C5B76D8B299}.Release|Windows-x64.ActiveCfg = Release|Any CPU
		{CFE009C3-BAFC-406E-A6D4-4C5B76D8B299}.Release|Windows-x64.Build.0 = Release|Any CPU
		{CFE009C3-BAFC-406E-A6D4-4C5B76D8B299}.Release|Windows-x86.ActiveCfg = Release|Any CPU
		{CFE009C3-BAFC-406E-A6D4-4C5B76D8B299}.Release|Windows-x86.Build.0 = Release|Any CPU
		{B4644B20-213B-4A38-9925-A8186ECBD33E}.Debug|Android.ActiveCfg = Debug|Any CPU
		{B4644B20-213B-4A38-9925-A8186ECBD33E}.Debug|Android.Build.0 = Debug|Any CPU
		{B4644B20-213B-4A38-9925-A8186ECBD33E}.Debug|Any CPU.ActiveCfg = Debug|Any CPU
		{B4644B20-213B-4A38-9925-A8186ECBD33E}.Debug|Any CPU.Build.0 = Debug|Any CPU
		{B4644B20-213B-4A38-9925-A8186ECBD33E}.Debug|iOS.ActiveCfg = Debug|Any CPU
		{B4644B20-213B-4A38-9925-A8186ECBD33E}.Debug|iOS.Build.0 = Debug|Any CPU
		{B4644B20-213B-4A38-9925-A8186ECBD33E}.Debug|Windows Phone (Universal).ActiveCfg = Debug|Any CPU
		{B4644B20-213B-4A38-9925-A8186ECBD33E}.Debug|Windows Phone (Universal).Build.0 = Debug|Any CPU
		{B4644B20-213B-4A38-9925-A8186ECBD33E}.Debug|Windows Phone 8.ActiveCfg = Debug|Any CPU
		{B4644B20-213B-4A38-9925-A8186ECBD33E}.Debug|Windows Phone 8.Build.0 = Debug|Any CPU
		{B4644B20-213B-4A38-9925-A8186ECBD33E}.Debug|Windows-AnyCPU.ActiveCfg = Debug|Any CPU
		{B4644B20-213B-4A38-9925-A8186ECBD33E}.Debug|Windows-AnyCPU.Build.0 = Debug|Any CPU
		{B4644B20-213B-4A38-9925-A8186ECBD33E}.Debug|Windows-ARM.ActiveCfg = Debug|Any CPU
		{B4644B20-213B-4A38-9925-A8186ECBD33E}.Debug|Windows-ARM.Build.0 = Debug|Any CPU
		{B4644B20-213B-4A38-9925-A8186ECBD33E}.Debug|Windows-x64.ActiveCfg = Debug|Any CPU
		{B4644B20-213B-4A38-9925-A8186ECBD33E}.Debug|Windows-x64.Build.0 = Debug|Any CPU
		{B4644B20-213B-4A38-9925-A8186ECBD33E}.Debug|Windows-x86.ActiveCfg = Debug|Any CPU
		{B4644B20-213B-4A38-9925-A8186ECBD33E}.Debug|Windows-x86.Build.0 = Debug|Any CPU
		{B4644B20-213B-4A38-9925-A8186ECBD33E}.Release|Android.ActiveCfg = Release|Any CPU
		{B4644B20-213B-4A38-9925-A8186ECBD33E}.Release|Android.Build.0 = Release|Any CPU
		{B4644B20-213B-4A38-9925-A8186ECBD33E}.Release|Any CPU.ActiveCfg = Release|Any CPU
		{B4644B20-213B-4A38-9925-A8186ECBD33E}.Release|Any CPU.Build.0 = Release|Any CPU
		{B4644B20-213B-4A38-9925-A8186ECBD33E}.Release|iOS.ActiveCfg = Release|Any CPU
		{B4644B20-213B-4A38-9925-A8186ECBD33E}.Release|iOS.Build.0 = Release|Any CPU
		{B4644B20-213B-4A38-9925-A8186ECBD33E}.Release|Windows Phone (Universal).ActiveCfg = Release|Any CPU
		{B4644B20-213B-4A38-9925-A8186ECBD33E}.Release|Windows Phone (Universal).Build.0 = Release|Any CPU
		{B4644B20-213B-4A38-9925-A8186ECBD33E}.Release|Windows Phone 8.ActiveCfg = Release|Any CPU
		{B4644B20-213B-4A38-9925-A8186ECBD33E}.Release|Windows Phone 8.Build.0 = Release|Any CPU
		{B4644B20-213B-4A38-9925-A8186ECBD33E}.Release|Windows-AnyCPU.ActiveCfg = Release|Any CPU
		{B4644B20-213B-4A38-9925-A8186ECBD33E}.Release|Windows-AnyCPU.Build.0 = Release|Any CPU
		{B4644B20-213B-4A38-9925-A8186ECBD33E}.Release|Windows-ARM.ActiveCfg = Release|Any CPU
		{B4644B20-213B-4A38-9925-A8186ECBD33E}.Release|Windows-ARM.Build.0 = Release|Any CPU
		{B4644B20-213B-4A38-9925-A8186ECBD33E}.Release|Windows-x64.ActiveCfg = Release|Any CPU
		{B4644B20-213B-4A38-9925-A8186ECBD33E}.Release|Windows-x64.Build.0 = Release|Any CPU
		{B4644B20-213B-4A38-9925-A8186ECBD33E}.Release|Windows-x86.ActiveCfg = Release|Any CPU
		{B4644B20-213B-4A38-9925-A8186ECBD33E}.Release|Windows-x86.Build.0 = Release|Any CPU
		{C733228E-3BF8-485B-BBC1-FFE59BC55EBA}.Debug|Android.ActiveCfg = Debug|Any CPU
		{C733228E-3BF8-485B-BBC1-FFE59BC55EBA}.Debug|Android.Build.0 = Debug|Any CPU
		{C733228E-3BF8-485B-BBC1-FFE59BC55EBA}.Debug|Any CPU.ActiveCfg = Debug|Any CPU
		{C733228E-3BF8-485B-BBC1-FFE59BC55EBA}.Debug|Any CPU.Build.0 = Debug|Any CPU
		{C733228E-3BF8-485B-BBC1-FFE59BC55EBA}.Debug|iOS.ActiveCfg = Debug|Any CPU
		{C733228E-3BF8-485B-BBC1-FFE59BC55EBA}.Debug|iOS.Build.0 = Debug|Any CPU
		{C733228E-3BF8-485B-BBC1-FFE59BC55EBA}.Debug|Windows Phone (Universal).ActiveCfg = Debug|Any CPU
		{C733228E-3BF8-485B-BBC1-FFE59BC55EBA}.Debug|Windows Phone (Universal).Build.0 = Debug|Any CPU
		{C733228E-3BF8-485B-BBC1-FFE59BC55EBA}.Debug|Windows Phone 8.ActiveCfg = Debug|Any CPU
		{C733228E-3BF8-485B-BBC1-FFE59BC55EBA}.Debug|Windows Phone 8.Build.0 = Debug|Any CPU
		{C733228E-3BF8-485B-BBC1-FFE59BC55EBA}.Debug|Windows-AnyCPU.ActiveCfg = Debug|Any CPU
		{C733228E-3BF8-485B-BBC1-FFE59BC55EBA}.Debug|Windows-AnyCPU.Build.0 = Debug|Any CPU
		{C733228E-3BF8-485B-BBC1-FFE59BC55EBA}.Debug|Windows-ARM.ActiveCfg = Debug|Any CPU
		{C733228E-3BF8-485B-BBC1-FFE59BC55EBA}.Debug|Windows-ARM.Build.0 = Debug|Any CPU
		{C733228E-3BF8-485B-BBC1-FFE59BC55EBA}.Debug|Windows-x64.ActiveCfg = Debug|Any CPU
		{C733228E-3BF8-485B-BBC1-FFE59BC55EBA}.Debug|Windows-x64.Build.0 = Debug|Any CPU
		{C733228E-3BF8-485B-BBC1-FFE59BC55EBA}.Debug|Windows-x86.ActiveCfg = Debug|Any CPU
		{C733228E-3BF8-485B-BBC1-FFE59BC55EBA}.Debug|Windows-x86.Build.0 = Debug|Any CPU
		{C733228E-3BF8-485B-BBC1-FFE59BC55EBA}.Release|Android.ActiveCfg = Release|Any CPU
		{C733228E-3BF8-485B-BBC1-FFE59BC55EBA}.Release|Android.Build.0 = Release|Any CPU
		{C733228E-3BF8-485B-BBC1-FFE59BC55EBA}.Release|Any CPU.ActiveCfg = Release|Any CPU
		{C733228E-3BF8-485B-BBC1-FFE59BC55EBA}.Release|Any CPU.Build.0 = Release|Any CPU
		{C733228E-3BF8-485B-BBC1-FFE59BC55EBA}.Release|iOS.ActiveCfg = Release|Any CPU
		{C733228E-3BF8-485B-BBC1-FFE59BC55EBA}.Release|iOS.Build.0 = Release|Any CPU
		{C733228E-3BF8-485B-BBC1-FFE59BC55EBA}.Release|Windows Phone (Universal).ActiveCfg = Release|Any CPU
		{C733228E-3BF8-485B-BBC1-FFE59BC55EBA}.Release|Windows Phone (Universal).Build.0 = Release|Any CPU
		{C733228E-3BF8-485B-BBC1-FFE59BC55EBA}.Release|Windows Phone 8.ActiveCfg = Release|Any CPU
		{C733228E-3BF8-485B-BBC1-FFE59BC55EBA}.Release|Windows Phone 8.Build.0 = Release|Any CPU
		{C733228E-3BF8-485B-BBC1-FFE59BC55EBA}.Release|Windows-AnyCPU.ActiveCfg = Release|Any CPU
		{C733228E-3BF8-485B-BBC1-FFE59BC55EBA}.Release|Windows-AnyCPU.Build.0 = Release|Any CPU
		{C733228E-3BF8-485B-BBC1-FFE59BC55EBA}.Release|Windows-ARM.ActiveCfg = Release|Any CPU
		{C733228E-3BF8-485B-BBC1-FFE59BC55EBA}.Release|Windows-ARM.Build.0 = Release|Any CPU
		{C733228E-3BF8-485B-BBC1-FFE59BC55EBA}.Release|Windows-x64.ActiveCfg = Release|Any CPU
		{C733228E-3BF8-485B-BBC1-FFE59BC55EBA}.Release|Windows-x64.Build.0 = Release|Any CPU
		{C733228E-3BF8-485B-BBC1-FFE59BC55EBA}.Release|Windows-x86.ActiveCfg = Release|Any CPU
		{C733228E-3BF8-485B-BBC1-FFE59BC55EBA}.Release|Windows-x86.Build.0 = Release|Any CPU
		{9F12D5A8-7AC7-49FE-982A-649726F9B05C}.Debug|Android.ActiveCfg = Debug|Any CPU
		{9F12D5A8-7AC7-49FE-982A-649726F9B05C}.Debug|Android.Build.0 = Debug|Any CPU
		{9F12D5A8-7AC7-49FE-982A-649726F9B05C}.Debug|Any CPU.ActiveCfg = Debug|Any CPU
		{9F12D5A8-7AC7-49FE-982A-649726F9B05C}.Debug|Any CPU.Build.0 = Debug|Any CPU
		{9F12D5A8-7AC7-49FE-982A-649726F9B05C}.Debug|iOS.ActiveCfg = Debug|Any CPU
		{9F12D5A8-7AC7-49FE-982A-649726F9B05C}.Debug|iOS.Build.0 = Debug|Any CPU
		{9F12D5A8-7AC7-49FE-982A-649726F9B05C}.Debug|Windows Phone (Universal).ActiveCfg = Debug|Any CPU
		{9F12D5A8-7AC7-49FE-982A-649726F9B05C}.Debug|Windows Phone (Universal).Build.0 = Debug|Any CPU
		{9F12D5A8-7AC7-49FE-982A-649726F9B05C}.Debug|Windows Phone 8.ActiveCfg = Debug|Any CPU
		{9F12D5A8-7AC7-49FE-982A-649726F9B05C}.Debug|Windows Phone 8.Build.0 = Debug|Any CPU
		{9F12D5A8-7AC7-49FE-982A-649726F9B05C}.Debug|Windows-AnyCPU.ActiveCfg = Debug|Any CPU
		{9F12D5A8-7AC7-49FE-982A-649726F9B05C}.Debug|Windows-AnyCPU.Build.0 = Debug|Any CPU
		{9F12D5A8-7AC7-49FE-982A-649726F9B05C}.Debug|Windows-ARM.ActiveCfg = Debug|Any CPU
		{9F12D5A8-7AC7-49FE-982A-649726F9B05C}.Debug|Windows-ARM.Build.0 = Debug|Any CPU
		{9F12D5A8-7AC7-49FE-982A-649726F9B05C}.Debug|Windows-x64.ActiveCfg = Debug|Any CPU
		{9F12D5A8-7AC7-49FE-982A-649726F9B05C}.Debug|Windows-x64.Build.0 = Debug|Any CPU
		{9F12D5A8-7AC7-49FE-982A-649726F9B05C}.Debug|Windows-x86.ActiveCfg = Debug|Any CPU
		{9F12D5A8-7AC7-49FE-982A-649726F9B05C}.Debug|Windows-x86.Build.0 = Debug|Any CPU
		{9F12D5A8-7AC7-49FE-982A-649726F9B05C}.Release|Android.ActiveCfg = Release|Any CPU
		{9F12D5A8-7AC7-49FE-982A-649726F9B05C}.Release|Android.Build.0 = Release|Any CPU
		{9F12D5A8-7AC7-49FE-982A-649726F9B05C}.Release|Any CPU.ActiveCfg = Release|Any CPU
		{9F12D5A8-7AC7-49FE-982A-649726F9B05C}.Release|Any CPU.Build.0 = Release|Any CPU
		{9F12D5A8-7AC7-49FE-982A-649726F9B05C}.Release|iOS.ActiveCfg = Release|Any CPU
		{9F12D5A8-7AC7-49FE-982A-649726F9B05C}.Release|iOS.Build.0 = Release|Any CPU
		{9F12D5A8-7AC7-49FE-982A-649726F9B05C}.Release|Windows Phone (Universal).ActiveCfg = Release|Any CPU
		{9F12D5A8-7AC7-49FE-982A-649726F9B05C}.Release|Windows Phone (Universal).Build.0 = Release|Any CPU
		{9F12D5A8-7AC7-49FE-982A-649726F9B05C}.Release|Windows Phone 8.ActiveCfg = Release|Any CPU
		{9F12D5A8-7AC7-49FE-982A-649726F9B05C}.Release|Windows Phone 8.Build.0 = Release|Any CPU
		{9F12D5A8-7AC7-49FE-982A-649726F9B05C}.Release|Windows-AnyCPU.ActiveCfg = Release|Any CPU
		{9F12D5A8-7AC7-49FE-982A-649726F9B05C}.Release|Windows-AnyCPU.Build.0 = Release|Any CPU
		{9F12D5A8-7AC7-49FE-982A-649726F9B05C}.Release|Windows-ARM.ActiveCfg = Release|Any CPU
		{9F12D5A8-7AC7-49FE-982A-649726F9B05C}.Release|Windows-ARM.Build.0 = Release|Any CPU
		{9F12D5A8-7AC7-49FE-982A-649726F9B05C}.Release|Windows-x64.ActiveCfg = Release|Any CPU
		{9F12D5A8-7AC7-49FE-982A-649726F9B05C}.Release|Windows-x64.Build.0 = Release|Any CPU
		{9F12D5A8-7AC7-49FE-982A-649726F9B05C}.Release|Windows-x86.ActiveCfg = Release|Any CPU
		{9F12D5A8-7AC7-49FE-982A-649726F9B05C}.Release|Windows-x86.Build.0 = Release|Any CPU
		{8091984F-08E7-433C-A7C1-4F9AD0B70D70}.Debug|Android.ActiveCfg = Debug|Any CPU
		{8091984F-08E7-433C-A7C1-4F9AD0B70D70}.Debug|Android.Build.0 = Debug|Any CPU
		{8091984F-08E7-433C-A7C1-4F9AD0B70D70}.Debug|Any CPU.ActiveCfg = Debug|Any CPU
		{8091984F-08E7-433C-A7C1-4F9AD0B70D70}.Debug|Any CPU.Build.0 = Debug|Any CPU
		{8091984F-08E7-433C-A7C1-4F9AD0B70D70}.Debug|iOS.ActiveCfg = Debug|Any CPU
		{8091984F-08E7-433C-A7C1-4F9AD0B70D70}.Debug|iOS.Build.0 = Debug|Any CPU
		{8091984F-08E7-433C-A7C1-4F9AD0B70D70}.Debug|Windows Phone (Universal).ActiveCfg = Debug|Any CPU
		{8091984F-08E7-433C-A7C1-4F9AD0B70D70}.Debug|Windows Phone (Universal).Build.0 = Debug|Any CPU
		{8091984F-08E7-433C-A7C1-4F9AD0B70D70}.Debug|Windows Phone 8.ActiveCfg = Debug|Any CPU
		{8091984F-08E7-433C-A7C1-4F9AD0B70D70}.Debug|Windows Phone 8.Build.0 = Debug|Any CPU
		{8091984F-08E7-433C-A7C1-4F9AD0B70D70}.Debug|Windows-AnyCPU.ActiveCfg = Debug|Any CPU
		{8091984F-08E7-433C-A7C1-4F9AD0B70D70}.Debug|Windows-AnyCPU.Build.0 = Debug|Any CPU
		{8091984F-08E7-433C-A7C1-4F9AD0B70D70}.Debug|Windows-ARM.ActiveCfg = Debug|Any CPU
		{8091984F-08E7-433C-A7C1-4F9AD0B70D70}.Debug|Windows-ARM.Build.0 = Debug|Any CPU
		{8091984F-08E7-433C-A7C1-4F9AD0B70D70}.Debug|Windows-x64.ActiveCfg = Debug|Any CPU
		{8091984F-08E7-433C-A7C1-4F9AD0B70D70}.Debug|Windows-x64.Build.0 = Debug|Any CPU
		{8091984F-08E7-433C-A7C1-4F9AD0B70D70}.Debug|Windows-x86.ActiveCfg = Debug|Any CPU
		{8091984F-08E7-433C-A7C1-4F9AD0B70D70}.Debug|Windows-x86.Build.0 = Debug|Any CPU
		{8091984F-08E7-433C-A7C1-4F9AD0B70D70}.Release|Android.ActiveCfg = Release|Any CPU
		{8091984F-08E7-433C-A7C1-4F9AD0B70D70}.Release|Android.Build.0 = Release|Any CPU
		{8091984F-08E7-433C-A7C1-4F9AD0B70D70}.Release|Any CPU.ActiveCfg = Release|Any CPU
		{8091984F-08E7-433C-A7C1-4F9AD0B70D70}.Release|Any CPU.Build.0 = Release|Any CPU
		{8091984F-08E7-433C-A7C1-4F9AD0B70D70}.Release|iOS.ActiveCfg = Release|Any CPU
		{8091984F-08E7-433C-A7C1-4F9AD0B70D70}.Release|iOS.Build.0 = Release|Any CPU
		{8091984F-08E7-433C-A7C1-4F9AD0B70D70}.Release|Windows Phone (Universal).ActiveCfg = Release|Any CPU
		{8091984F-08E7-433C-A7C1-4F9AD0B70D70}.Release|Windows Phone (Universal).Build.0 = Release|Any CPU
		{8091984F-08E7-433C-A7C1-4F9AD0B70D70}.Release|Windows Phone 8.ActiveCfg = Release|Any CPU
		{8091984F-08E7-433C-A7C1-4F9AD0B70D70}.Release|Windows Phone 8.Build.0 = Release|Any CPU
		{8091984F-08E7-433C-A7C1-4F9AD0B70D70}.Release|Windows-AnyCPU.ActiveCfg = Release|Any CPU
		{8091984F-08E7-433C-A7C1-4F9AD0B70D70}.Release|Windows-AnyCPU.Build.0 = Release|Any CPU
		{8091984F-08E7-433C-A7C1-4F9AD0B70D70}.Release|Windows-ARM.ActiveCfg = Release|Any CPU
		{8091984F-08E7-433C-A7C1-4F9AD0B70D70}.Release|Windows-ARM.Build.0 = Release|Any CPU
		{8091984F-08E7-433C-A7C1-4F9AD0B70D70}.Release|Windows-x64.ActiveCfg = Release|Any CPU
		{8091984F-08E7-433C-A7C1-4F9AD0B70D70}.Release|Windows-x64.Build.0 = Release|Any CPU
		{8091984F-08E7-433C-A7C1-4F9AD0B70D70}.Release|Windows-x86.ActiveCfg = Release|Any CPU
		{8091984F-08E7-433C-A7C1-4F9AD0B70D70}.Release|Windows-x86.Build.0 = Release|Any CPU
		{ED96E12A-583A-4F4A-B126-018359080D3A}.Debug|Android.ActiveCfg = Debug|Any CPU
		{ED96E12A-583A-4F4A-B126-018359080D3A}.Debug|Android.Build.0 = Debug|Any CPU
		{ED96E12A-583A-4F4A-B126-018359080D3A}.Debug|Any CPU.ActiveCfg = Debug|Any CPU
		{ED96E12A-583A-4F4A-B126-018359080D3A}.Debug|Any CPU.Build.0 = Debug|Any CPU
		{ED96E12A-583A-4F4A-B126-018359080D3A}.Debug|iOS.ActiveCfg = Debug|Any CPU
		{ED96E12A-583A-4F4A-B126-018359080D3A}.Debug|iOS.Build.0 = Debug|Any CPU
		{ED96E12A-583A-4F4A-B126-018359080D3A}.Debug|Windows Phone (Universal).ActiveCfg = Debug|Any CPU
		{ED96E12A-583A-4F4A-B126-018359080D3A}.Debug|Windows Phone (Universal).Build.0 = Debug|Any CPU
		{ED96E12A-583A-4F4A-B126-018359080D3A}.Debug|Windows Phone 8.ActiveCfg = Debug|Any CPU
		{ED96E12A-583A-4F4A-B126-018359080D3A}.Debug|Windows Phone 8.Build.0 = Debug|Any CPU
		{ED96E12A-583A-4F4A-B126-018359080D3A}.Debug|Windows-AnyCPU.ActiveCfg = Debug|Any CPU
		{ED96E12A-583A-4F4A-B126-018359080D3A}.Debug|Windows-AnyCPU.Build.0 = Debug|Any CPU
		{ED96E12A-583A-4F4A-B126-018359080D3A}.Debug|Windows-ARM.ActiveCfg = Debug|Any CPU
		{ED96E12A-583A-4F4A-B126-018359080D3A}.Debug|Windows-ARM.Build.0 = Debug|Any CPU
		{ED96E12A-583A-4F4A-B126-018359080D3A}.Debug|Windows-x64.ActiveCfg = Debug|Any CPU
		{ED96E12A-583A-4F4A-B126-018359080D3A}.Debug|Windows-x64.Build.0 = Debug|Any CPU
		{ED96E12A-583A-4F4A-B126-018359080D3A}.Debug|Windows-x86.ActiveCfg = Debug|Any CPU
		{ED96E12A-583A-4F4A-B126-018359080D3A}.Debug|Windows-x86.Build.0 = Debug|Any CPU
		{ED96E12A-583A-4F4A-B126-018359080D3A}.Release|Android.ActiveCfg = Release|Any CPU
		{ED96E12A-583A-4F4A-B126-018359080D3A}.Release|Android.Build.0 = Release|Any CPU
		{ED96E12A-583A-4F4A-B126-018359080D3A}.Release|Any CPU.ActiveCfg = Release|Any CPU
		{ED96E12A-583A-4F4A-B126-018359080D3A}.Release|Any CPU.Build.0 = Release|Any CPU
		{ED96E12A-583A-4F4A-B126-018359080D3A}.Release|iOS.ActiveCfg = Release|Any CPU
		{ED96E12A-583A-4F4A-B126-018359080D3A}.Release|iOS.Build.0 = Release|Any CPU
		{ED96E12A-583A-4F4A-B126-018359080D3A}.Release|Windows Phone (Universal).ActiveCfg = Release|Any CPU
		{ED96E12A-583A-4F4A-B126-018359080D3A}.Release|Windows Phone (Universal).Build.0 = Release|Any CPU
		{ED96E12A-583A-4F4A-B126-018359080D3A}.Release|Windows Phone 8.ActiveCfg = Release|Any CPU
		{ED96E12A-583A-4F4A-B126-018359080D3A}.Release|Windows Phone 8.Build.0 = Release|Any CPU
		{ED96E12A-583A-4F4A-B126-018359080D3A}.Release|Windows-AnyCPU.ActiveCfg = Release|Any CPU
		{ED96E12A-583A-4F4A-B126-018359080D3A}.Release|Windows-AnyCPU.Build.0 = Release|Any CPU
		{ED96E12A-583A-4F4A-B126-018359080D3A}.Release|Windows-ARM.ActiveCfg = Release|Any CPU
		{ED96E12A-583A-4F4A-B126-018359080D3A}.Release|Windows-ARM.Build.0 = Release|Any CPU
		{ED96E12A-583A-4F4A-B126-018359080D3A}.Release|Windows-x64.ActiveCfg = Release|Any CPU
		{ED96E12A-583A-4F4A-B126-018359080D3A}.Release|Windows-x64.Build.0 = Release|Any CPU
		{ED96E12A-583A-4F4A-B126-018359080D3A}.Release|Windows-x86.ActiveCfg = Release|Any CPU
		{ED96E12A-583A-4F4A-B126-018359080D3A}.Release|Windows-x86.Build.0 = Release|Any CPU
		{47C7273C-A2CB-4DCC-8BF0-E337432627E6}.Debug|Android.ActiveCfg = Debug|Any CPU
		{47C7273C-A2CB-4DCC-8BF0-E337432627E6}.Debug|Android.Build.0 = Debug|Any CPU
		{47C7273C-A2CB-4DCC-8BF0-E337432627E6}.Debug|Any CPU.ActiveCfg = Debug|Any CPU
		{47C7273C-A2CB-4DCC-8BF0-E337432627E6}.Debug|Any CPU.Build.0 = Debug|Any CPU
		{47C7273C-A2CB-4DCC-8BF0-E337432627E6}.Debug|iOS.ActiveCfg = Debug|Any CPU
		{47C7273C-A2CB-4DCC-8BF0-E337432627E6}.Debug|iOS.Build.0 = Debug|Any CPU
		{47C7273C-A2CB-4DCC-8BF0-E337432627E6}.Debug|Windows Phone (Universal).ActiveCfg = Debug|Any CPU
		{47C7273C-A2CB-4DCC-8BF0-E337432627E6}.Debug|Windows Phone (Universal).Build.0 = Debug|Any CPU
		{47C7273C-A2CB-4DCC-8BF0-E337432627E6}.Debug|Windows Phone 8.ActiveCfg = Debug|Any CPU
		{47C7273C-A2CB-4DCC-8BF0-E337432627E6}.Debug|Windows Phone 8.Build.0 = Debug|Any CPU
		{47C7273C-A2CB-4DCC-8BF0-E337432627E6}.Debug|Windows-AnyCPU.ActiveCfg = Debug|Any CPU
		{47C7273C-A2CB-4DCC-8BF0-E337432627E6}.Debug|Windows-AnyCPU.Build.0 = Debug|Any CPU
		{47C7273C-A2CB-4DCC-8BF0-E337432627E6}.Debug|Windows-ARM.ActiveCfg = Debug|Any CPU
		{47C7273C-A2CB-4DCC-8BF0-E337432627E6}.Debug|Windows-ARM.Build.0 = Debug|Any CPU
		{47C7273C-A2CB-4DCC-8BF0-E337432627E6}.Debug|Windows-x64.ActiveCfg = Debug|Any CPU
		{47C7273C-A2CB-4DCC-8BF0-E337432627E6}.Debug|Windows-x64.Build.0 = Debug|Any CPU
		{47C7273C-A2CB-4DCC-8BF0-E337432627E6}.Debug|Windows-x86.ActiveCfg = Debug|Any CPU
		{47C7273C-A2CB-4DCC-8BF0-E337432627E6}.Debug|Windows-x86.Build.0 = Debug|Any CPU
		{47C7273C-A2CB-4DCC-8BF0-E337432627E6}.Release|Android.ActiveCfg = Release|Any CPU
		{47C7273C-A2CB-4DCC-8BF0-E337432627E6}.Release|Android.Build.0 = Release|Any CPU
		{47C7273C-A2CB-4DCC-8BF0-E337432627E6}.Release|Any CPU.ActiveCfg = Release|Any CPU
		{47C7273C-A2CB-4DCC-8BF0-E337432627E6}.Release|Any CPU.Build.0 = Release|Any CPU
		{47C7273C-A2CB-4DCC-8BF0-E337432627E6}.Release|iOS.ActiveCfg = Release|Any CPU
		{47C7273C-A2CB-4DCC-8BF0-E337432627E6}.Release|iOS.Build.0 = Release|Any CPU
		{47C7273C-A2CB-4DCC-8BF0-E337432627E6}.Release|Windows Phone (Universal).ActiveCfg = Release|Any CPU
		{47C7273C-A2CB-4DCC-8BF0-E337432627E6}.Release|Windows Phone (Universal).Build.0 = Release|Any CPU
		{47C7273C-A2CB-4DCC-8BF0-E337432627E6}.Release|Windows Phone 8.ActiveCfg = Release|Any CPU
		{47C7273C-A2CB-4DCC-8BF0-E337432627E6}.Release|Windows Phone 8.Build.0 = Release|Any CPU
		{47C7273C-A2CB-4DCC-8BF0-E337432627E6}.Release|Windows-AnyCPU.ActiveCfg = Release|Any CPU
		{47C7273C-A2CB-4DCC-8BF0-E337432627E6}.Release|Windows-AnyCPU.Build.0 = Release|Any CPU
		{47C7273C-A2CB-4DCC-8BF0-E337432627E6}.Release|Windows-ARM.ActiveCfg = Release|Any CPU
		{47C7273C-A2CB-4DCC-8BF0-E337432627E6}.Release|Windows-ARM.Build.0 = Release|Any CPU
		{47C7273C-A2CB-4DCC-8BF0-E337432627E6}.Release|Windows-x64.ActiveCfg = Release|Any CPU
		{47C7273C-A2CB-4DCC-8BF0-E337432627E6}.Release|Windows-x64.Build.0 = Release|Any CPU
		{47C7273C-A2CB-4DCC-8BF0-E337432627E6}.Release|Windows-x86.ActiveCfg = Release|Any CPU
		{47C7273C-A2CB-4DCC-8BF0-E337432627E6}.Release|Windows-x86.Build.0 = Release|Any CPU
		{35E98D0A-12A9-4ECC-9987-87CDAEA3ADD0}.Debug|Android.ActiveCfg = Debug|Any CPU
		{35E98D0A-12A9-4ECC-9987-87CDAEA3ADD0}.Debug|Android.Build.0 = Debug|Any CPU
		{35E98D0A-12A9-4ECC-9987-87CDAEA3ADD0}.Debug|Any CPU.ActiveCfg = Debug|Any CPU
		{35E98D0A-12A9-4ECC-9987-87CDAEA3ADD0}.Debug|Any CPU.Build.0 = Debug|Any CPU
		{35E98D0A-12A9-4ECC-9987-87CDAEA3ADD0}.Debug|iOS.ActiveCfg = Debug|Any CPU
		{35E98D0A-12A9-4ECC-9987-87CDAEA3ADD0}.Debug|iOS.Build.0 = Debug|Any CPU
		{35E98D0A-12A9-4ECC-9987-87CDAEA3ADD0}.Debug|Windows Phone (Universal).ActiveCfg = Debug|Any CPU
		{35E98D0A-12A9-4ECC-9987-87CDAEA3ADD0}.Debug|Windows Phone (Universal).Build.0 = Debug|Any CPU
		{35E98D0A-12A9-4ECC-9987-87CDAEA3ADD0}.Debug|Windows Phone 8.ActiveCfg = Debug|Any CPU
		{35E98D0A-12A9-4ECC-9987-87CDAEA3ADD0}.Debug|Windows Phone 8.Build.0 = Debug|Any CPU
		{35E98D0A-12A9-4ECC-9987-87CDAEA3ADD0}.Debug|Windows-AnyCPU.ActiveCfg = Debug|Any CPU
		{35E98D0A-12A9-4ECC-9987-87CDAEA3ADD0}.Debug|Windows-AnyCPU.Build.0 = Debug|Any CPU
		{35E98D0A-12A9-4ECC-9987-87CDAEA3ADD0}.Debug|Windows-ARM.ActiveCfg = Debug|Any CPU
		{35E98D0A-12A9-4ECC-9987-87CDAEA3ADD0}.Debug|Windows-ARM.Build.0 = Debug|Any CPU
		{35E98D0A-12A9-4ECC-9987-87CDAEA3ADD0}.Debug|Windows-x64.ActiveCfg = Debug|Any CPU
		{35E98D0A-12A9-4ECC-9987-87CDAEA3ADD0}.Debug|Windows-x64.Build.0 = Debug|Any CPU
		{35E98D0A-12A9-4ECC-9987-87CDAEA3ADD0}.Debug|Windows-x86.ActiveCfg = Debug|Any CPU
		{35E98D0A-12A9-4ECC-9987-87CDAEA3ADD0}.Debug|Windows-x86.Build.0 = Debug|Any CPU
		{35E98D0A-12A9-4ECC-9987-87CDAEA3ADD0}.Release|Android.ActiveCfg = Release|Any CPU
		{35E98D0A-12A9-4ECC-9987-87CDAEA3ADD0}.Release|Android.Build.0 = Release|Any CPU
		{35E98D0A-12A9-4ECC-9987-87CDAEA3ADD0}.Release|Any CPU.ActiveCfg = Release|Any CPU
		{35E98D0A-12A9-4ECC-9987-87CDAEA3ADD0}.Release|Any CPU.Build.0 = Release|Any CPU
		{35E98D0A-12A9-4ECC-9987-87CDAEA3ADD0}.Release|iOS.ActiveCfg = Release|Any CPU
		{35E98D0A-12A9-4ECC-9987-87CDAEA3ADD0}.Release|iOS.Build.0 = Release|Any CPU
		{35E98D0A-12A9-4ECC-9987-87CDAEA3ADD0}.Release|Windows Phone (Universal).ActiveCfg = Release|Any CPU
		{35E98D0A-12A9-4ECC-9987-87CDAEA3ADD0}.Release|Windows Phone (Universal).Build.0 = Release|Any CPU
		{35E98D0A-12A9-4ECC-9987-87CDAEA3ADD0}.Release|Windows Phone 8.ActiveCfg = Release|Any CPU
		{35E98D0A-12A9-4ECC-9987-87CDAEA3ADD0}.Release|Windows Phone 8.Build.0 = Release|Any CPU
		{35E98D0A-12A9-4ECC-9987-87CDAEA3ADD0}.Release|Windows-AnyCPU.ActiveCfg = Release|Any CPU
		{35E98D0A-12A9-4ECC-9987-87CDAEA3ADD0}.Release|Windows-AnyCPU.Build.0 = Release|Any CPU
		{35E98D0A-12A9-4ECC-9987-87CDAEA3ADD0}.Release|Windows-ARM.ActiveCfg = Release|Any CPU
		{35E98D0A-12A9-4ECC-9987-87CDAEA3ADD0}.Release|Windows-ARM.Build.0 = Release|Any CPU
		{35E98D0A-12A9-4ECC-9987-87CDAEA3ADD0}.Release|Windows-x64.ActiveCfg = Release|Any CPU
		{35E98D0A-12A9-4ECC-9987-87CDAEA3ADD0}.Release|Windows-x64.Build.0 = Release|Any CPU
		{35E98D0A-12A9-4ECC-9987-87CDAEA3ADD0}.Release|Windows-x86.ActiveCfg = Release|Any CPU
		{35E98D0A-12A9-4ECC-9987-87CDAEA3ADD0}.Release|Windows-x86.Build.0 = Release|Any CPU
		{E2F8AD8A-086A-4241-87C8-9F03B041A9DA}.Debug|Android.ActiveCfg = Debug|Any CPU
		{E2F8AD8A-086A-4241-87C8-9F03B041A9DA}.Debug|Android.Build.0 = Debug|Any CPU
		{E2F8AD8A-086A-4241-87C8-9F03B041A9DA}.Debug|Any CPU.ActiveCfg = Debug|Any CPU
		{E2F8AD8A-086A-4241-87C8-9F03B041A9DA}.Debug|Any CPU.Build.0 = Debug|Any CPU
		{E2F8AD8A-086A-4241-87C8-9F03B041A9DA}.Debug|iOS.ActiveCfg = Debug|Any CPU
		{E2F8AD8A-086A-4241-87C8-9F03B041A9DA}.Debug|iOS.Build.0 = Debug|Any CPU
		{E2F8AD8A-086A-4241-87C8-9F03B041A9DA}.Debug|Windows Phone (Universal).ActiveCfg = Debug|Any CPU
		{E2F8AD8A-086A-4241-87C8-9F03B041A9DA}.Debug|Windows Phone (Universal).Build.0 = Debug|Any CPU
		{E2F8AD8A-086A-4241-87C8-9F03B041A9DA}.Debug|Windows Phone 8.ActiveCfg = Debug|Any CPU
		{E2F8AD8A-086A-4241-87C8-9F03B041A9DA}.Debug|Windows Phone 8.Build.0 = Debug|Any CPU
		{E2F8AD8A-086A-4241-87C8-9F03B041A9DA}.Debug|Windows-AnyCPU.ActiveCfg = Debug|Any CPU
		{E2F8AD8A-086A-4241-87C8-9F03B041A9DA}.Debug|Windows-AnyCPU.Build.0 = Debug|Any CPU
		{E2F8AD8A-086A-4241-87C8-9F03B041A9DA}.Debug|Windows-ARM.ActiveCfg = Debug|Any CPU
		{E2F8AD8A-086A-4241-87C8-9F03B041A9DA}.Debug|Windows-ARM.Build.0 = Debug|Any CPU
		{E2F8AD8A-086A-4241-87C8-9F03B041A9DA}.Debug|Windows-x64.ActiveCfg = Debug|Any CPU
		{E2F8AD8A-086A-4241-87C8-9F03B041A9DA}.Debug|Windows-x64.Build.0 = Debug|Any CPU
		{E2F8AD8A-086A-4241-87C8-9F03B041A9DA}.Debug|Windows-x86.ActiveCfg = Debug|Any CPU
		{E2F8AD8A-086A-4241-87C8-9F03B041A9DA}.Debug|Windows-x86.Build.0 = Debug|Any CPU
		{E2F8AD8A-086A-4241-87C8-9F03B041A9DA}.Release|Android.ActiveCfg = Release|Any CPU
		{E2F8AD8A-086A-4241-87C8-9F03B041A9DA}.Release|Android.Build.0 = Release|Any CPU
		{E2F8AD8A-086A-4241-87C8-9F03B041A9DA}.Release|Any CPU.ActiveCfg = Release|Any CPU
		{E2F8AD8A-086A-4241-87C8-9F03B041A9DA}.Release|Any CPU.Build.0 = Release|Any CPU
		{E2F8AD8A-086A-4241-87C8-9F03B041A9DA}.Release|iOS.ActiveCfg = Release|Any CPU
		{E2F8AD8A-086A-4241-87C8-9F03B041A9DA}.Release|iOS.Build.0 = Release|Any CPU
		{E2F8AD8A-086A-4241-87C8-9F03B041A9DA}.Release|Windows Phone (Universal).ActiveCfg = Release|Any CPU
		{E2F8AD8A-086A-4241-87C8-9F03B041A9DA}.Release|Windows Phone (Universal).Build.0 = Release|Any CPU
		{E2F8AD8A-086A-4241-87C8-9F03B041A9DA}.Release|Windows Phone 8.ActiveCfg = Release|Any CPU
		{E2F8AD8A-086A-4241-87C8-9F03B041A9DA}.Release|Windows Phone 8.Build.0 = Release|Any CPU
		{E2F8AD8A-086A-4241-87C8-9F03B041A9DA}.Release|Windows-AnyCPU.ActiveCfg = Release|Any CPU
		{E2F8AD8A-086A-4241-87C8-9F03B041A9DA}.Release|Windows-AnyCPU.Build.0 = Release|Any CPU
		{E2F8AD8A-086A-4241-87C8-9F03B041A9DA}.Release|Windows-ARM.ActiveCfg = Release|Any CPU
		{E2F8AD8A-086A-4241-87C8-9F03B041A9DA}.Release|Windows-ARM.Build.0 = Release|Any CPU
		{E2F8AD8A-086A-4241-87C8-9F03B041A9DA}.Release|Windows-x64.ActiveCfg = Release|Any CPU
		{E2F8AD8A-086A-4241-87C8-9F03B041A9DA}.Release|Windows-x64.Build.0 = Release|Any CPU
		{E2F8AD8A-086A-4241-87C8-9F03B041A9DA}.Release|Windows-x86.ActiveCfg = Release|Any CPU
		{E2F8AD8A-086A-4241-87C8-9F03B041A9DA}.Release|Windows-x86.Build.0 = Release|Any CPU
	EndGlobalSection
	GlobalSection(SolutionProperties) = preSolution
		HideSolutionNode = FALSE
	EndGlobalSection
	GlobalSection(ExtensibilityGlobals) = postSolution
		SolutionGuid = {F7D12A7B-A605-453D-9918-DE6123C09900}
	EndGlobalSection
EndGlobal
